
Microsoft Visual Studio Solution File, Format Version 12.00
# Visual Studio Version 17
VisualStudioVersion = 17.11.35222.181
MinimumVisualStudioVersion = 10.0.40219.1
Project("{FAE04EC0-301F-11D3-BF4B-00C04F79EFBC}") = "ForEach", "ForEach.csproj", "{91E5CBBA-DFA4-473A-9E9B-42EA8A5832FD}"
EndProject
Global
	GlobalSection(SolutionConfigurationPlatforms) = preSolution
		Debug|Any CPU = Debug|Any CPU
		Release|Any CPU = Release|Any CPU
	EndGlobalSection
	GlobalSection(ProjectConfigurationPlatforms) = postSolution
		{91E5CBBA-DFA4-473A-9E9B-42EA8A5832FD}.Debug|Any CPU.ActiveCfg = Debug|Any CPU
		{91E5CBBA-DFA4-473A-9E9B-42EA8A5832FD}.Debug|Any CPU.Build.0 = Debug|Any CPU
		{91E5CBBA-DFA4-473A-9E9B-42EA8A5832FD}.Release|Any CPU.ActiveCfg = Release|Any CPU
		{91E5CBBA-DFA4-473A-9E9B-42EA8A5832FD}.Release|Any CPU.Build.0 = Release|Any CPU
	EndGlobalSection
	GlobalSection(SolutionProperties) = preSolution
		HideSolutionNode = FALSE
	EndGlobalSection
	GlobalSection(ExtensibilityGlobals) = postSolution
		SolutionGuid = {EEF0D67F-4063-44A7-A385-5A0CE4B3ACA3}
	EndGlobalSection
EndGlobal
